// !$*UTF8*$!
{
	archiveVersion = 1;
	classes = {
	};
	objectVersion = 56;
	objects = {

/* Begin PBXBuildFile section */
		D10ED0DD2B9DEB29003F502F /* ExploreView.swift in Sources */ = {isa = PBXBuildFile; fileRef = D10ED0DC2B9DEB29003F502F /* ExploreView.swift */; };
		E50EF8492B93C1E300B23E4C /* AudioStreaming in Frameworks */ = {isa = PBXBuildFile; productRef = E50EF8482B93C1E300B23E4C /* AudioStreaming */; };
		E50EF84E2B94AF7400B23E4C /* MusicPlayerView.swift in Sources */ = {isa = PBXBuildFile; fileRef = E50EF84D2B94AF7400B23E4C /* MusicPlayerView.swift */; };
		E50EF8502B94CA5900B23E4C /* TimerSheetView.swift in Sources */ = {isa = PBXBuildFile; fileRef = E50EF84F2B94CA5900B23E4C /* TimerSheetView.swift */; };
		E50EF8522B951CC700B23E4C /* radioList.json in Resources */ = {isa = PBXBuildFile; fileRef = E50EF8512B951CC700B23E4C /* radioList.json */; };
		E57168A72B9D144D00E92B9C /* TagRadioListView.swift in Sources */ = {isa = PBXBuildFile; fileRef = E57168A62B9D144D00E92B9C /* TagRadioListView.swift */; };
		E57168A92B9DD6D500E92B9C /* LaunchScreen.storyboard in Resources */ = {isa = PBXBuildFile; fileRef = E57168A82B9DD6D500E92B9C /* LaunchScreen.storyboard */; };
		E5F8C7CF2B93AF8500516FC8 /* iFMRadioApp.swift in Sources */ = {isa = PBXBuildFile; fileRef = E5F8C7CE2B93AF8500516FC8 /* iFMRadioApp.swift */; };
		E5F8C7D12B93AF8500516FC8 /* RadioSearchView.swift in Sources */ = {isa = PBXBuildFile; fileRef = E5F8C7D02B93AF8500516FC8 /* RadioSearchView.swift */; };
		E5F8C7D32B93AF8700516FC8 /* Assets.xcassets in Resources */ = {isa = PBXBuildFile; fileRef = E5F8C7D22B93AF8700516FC8 /* Assets.xcassets */; };
		E5F8C7D62B93AF8700516FC8 /* Preview Assets.xcassets in Resources */ = {isa = PBXBuildFile; fileRef = E5F8C7D52B93AF8700516FC8 /* Preview Assets.xcassets */; };
		E5F8C7DF2B93B38B00516FC8 /* RadioListViewModel.swift in Sources */ = {isa = PBXBuildFile; fileRef = E5F8C7DE2B93B38B00516FC8 /* RadioListViewModel.swift */; };
		E5F8C7E22B93B65B00516FC8 /* RadioListModel.swift in Sources */ = {isa = PBXBuildFile; fileRef = E5F8C7E12B93B65B00516FC8 /* RadioListModel.swift */; };
/* End PBXBuildFile section */

/* Begin PBXFileReference section */
		D10ED0DC2B9DEB29003F502F /* ExploreView.swift */ = {isa = PBXFileReference; lastKnownFileType = sourcecode.swift; path = ExploreView.swift; sourceTree = "<group>"; };
		E50EF84A2B93E5A800B23E4C /* Info.plist */ = {isa = PBXFileReference; lastKnownFileType = text.plist; path = Info.plist; sourceTree = "<group>"; };
		E50EF84D2B94AF7400B23E4C /* MusicPlayerView.swift */ = {isa = PBXFileReference; lastKnownFileType = sourcecode.swift; path = MusicPlayerView.swift; sourceTree = "<group>"; };
		E50EF84F2B94CA5900B23E4C /* TimerSheetView.swift */ = {isa = PBXFileReference; lastKnownFileType = sourcecode.swift; path = TimerSheetView.swift; sourceTree = "<group>"; };
		E50EF8512B951CC700B23E4C /* radioList.json */ = {isa = PBXFileReference; fileEncoding = 4; lastKnownFileType = text.json; path = radioList.json; sourceTree = "<group>"; };
		E57168A62B9D144D00E92B9C /* TagRadioListView.swift */ = {isa = PBXFileReference; lastKnownFileType = sourcecode.swift; path = TagRadioListView.swift; sourceTree = "<group>"; };
		E57168A82B9DD6D500E92B9C /* LaunchScreen.storyboard */ = {isa = PBXFileReference; lastKnownFileType = file.storyboard; path = LaunchScreen.storyboard; sourceTree = "<group>"; };
		E5F8C7CB2B93AF8400516FC8 /* iFMRadio.app */ = {isa = PBXFileReference; explicitFileType = wrapper.application; includeInIndex = 0; path = iFMRadio.app; sourceTree = BUILT_PRODUCTS_DIR; };
		E5F8C7CE2B93AF8500516FC8 /* iFMRadioApp.swift */ = {isa = PBXFileReference; lastKnownFileType = sourcecode.swift; path = iFMRadioApp.swift; sourceTree = "<group>"; };
		E5F8C7D02B93AF8500516FC8 /* RadioSearchView.swift */ = {isa = PBXFileReference; lastKnownFileType = sourcecode.swift; path = RadioSearchView.swift; sourceTree = "<group>"; };
		E5F8C7D22B93AF8700516FC8 /* Assets.xcassets */ = {isa = PBXFileReference; lastKnownFileType = folder.assetcatalog; path = Assets.xcassets; sourceTree = "<group>"; };
		E5F8C7D52B93AF8700516FC8 /* Preview Assets.xcassets */ = {isa = PBXFileReference; lastKnownFileType = folder.assetcatalog; path = "Preview Assets.xcassets"; sourceTree = "<group>"; };
		E5F8C7DE2B93B38B00516FC8 /* RadioListViewModel.swift */ = {isa = PBXFileReference; lastKnownFileType = sourcecode.swift; path = RadioListViewModel.swift; sourceTree = "<group>"; };
		E5F8C7E12B93B65B00516FC8 /* RadioListModel.swift */ = {isa = PBXFileReference; lastKnownFileType = sourcecode.swift; path = RadioListModel.swift; sourceTree = "<group>"; };
/* End PBXFileReference section */

/* Begin PBXFrameworksBuildPhase section */
		E5F8C7C82B93AF8400516FC8 /* Frameworks */ = {
			isa = PBXFrameworksBuildPhase;
			buildActionMask = 2147483647;
			files = (
				E50EF8492B93C1E300B23E4C /* AudioStreaming in Frameworks */,
			);
			runOnlyForDeploymentPostprocessing = 0;
		};
/* End PBXFrameworksBuildPhase section */

/* Begin PBXGroup section */
		E5F8C7C22B93AF8400516FC8 = {
			isa = PBXGroup;
			children = (
				E5F8C7CD2B93AF8400516FC8 /* iFMRadio */,
				E5F8C7CC2B93AF8400516FC8 /* Products */,
			);
			sourceTree = "<group>";
		};
		E5F8C7CC2B93AF8400516FC8 /* Products */ = {
			isa = PBXGroup;
			children = (
				E5F8C7CB2B93AF8400516FC8 /* iFMRadio.app */,
			);
			name = Products;
			sourceTree = "<group>";
		};
		E5F8C7CD2B93AF8400516FC8 /* iFMRadio */ = {
			isa = PBXGroup;
			children = (
				E50EF84A2B93E5A800B23E4C /* Info.plist */,
				E5F8C7CE2B93AF8500516FC8 /* iFMRadioApp.swift */,
				E5F8C7DD2B93B37100516FC8 /* ViewModels */,
				E5F8C7DC2B93B32F00516FC8 /* Views */,
				E5F8C7E02B93B63C00516FC8 /* Models */,
				E5F8C7D22B93AF8700516FC8 /* Assets.xcassets */,
				E50EF8512B951CC700B23E4C /* radioList.json */,
				E5F8C7D42B93AF8700516FC8 /* Preview Content */,
			);
			path = iFMRadio;
			sourceTree = "<group>";
		};
		E5F8C7D42B93AF8700516FC8 /* Preview Content */ = {
			isa = PBXGroup;
			children = (
				E5F8C7D52B93AF8700516FC8 /* Preview Assets.xcassets */,
			);
			path = "Preview Content";
			sourceTree = "<group>";
		};
		E5F8C7DC2B93B32F00516FC8 /* Views */ = {
			isa = PBXGroup;
			children = (
				E5F8C7D02B93AF8500516FC8 /* RadioSearchView.swift */,
				D10ED0DC2B9DEB29003F502F /* ExploreView.swift */,
				E57168A82B9DD6D500E92B9C /* LaunchScreen.storyboard */,
				E57168A62B9D144D00E92B9C /* TagRadioListView.swift */,
				E50EF84F2B94CA5900B23E4C /* TimerSheetView.swift */,
				E50EF84D2B94AF7400B23E4C /* MusicPlayerView.swift */,
			);
			path = Views;
			sourceTree = "<group>";
		};
		E5F8C7DD2B93B37100516FC8 /* ViewModels */ = {
			isa = PBXGroup;
			children = (
				E5F8C7DE2B93B38B00516FC8 /* RadioListViewModel.swift */,
			);
			path = ViewModels;
			sourceTree = "<group>";
		};
		E5F8C7E02B93B63C00516FC8 /* Models */ = {
			isa = PBXGroup;
			children = (
				E5F8C7E12B93B65B00516FC8 /* RadioListModel.swift */,
			);
			path = Models;
			sourceTree = "<group>";
		};
/* End PBXGroup section */

/* Begin PBXNativeTarget section */
		E5F8C7CA2B93AF8400516FC8 /* iFMRadio */ = {
			isa = PBXNativeTarget;
			buildConfigurationList = E5F8C7D92B93AF8700516FC8 /* Build configuration list for PBXNativeTarget "iFMRadio" */;
			buildPhases = (
				E5F8C7C72B93AF8400516FC8 /* Sources */,
				E5F8C7C82B93AF8400516FC8 /* Frameworks */,
				E5F8C7C92B93AF8400516FC8 /* Resources */,
			);
			buildRules = (
			);
			dependencies = (
			);
			name = iFMRadio;
			packageProductDependencies = (
				E50EF8482B93C1E300B23E4C /* AudioStreaming */,
			);
			productName = iFMRadio;
			productReference = E5F8C7CB2B93AF8400516FC8 /* iFMRadio.app */;
			productType = "com.apple.product-type.application";
		};
/* End PBXNativeTarget section */

/* Begin PBXProject section */
		E5F8C7C32B93AF8400516FC8 /* Project object */ = {
			isa = PBXProject;
			attributes = {
				BuildIndependentTargetsInParallel = 1;
				LastSwiftUpdateCheck = 1520;
				LastUpgradeCheck = 1520;
				TargetAttributes = {
					E5F8C7CA2B93AF8400516FC8 = {
						CreatedOnToolsVersion = 15.2;
					};
				};
			};
			buildConfigurationList = E5F8C7C62B93AF8400516FC8 /* Build configuration list for PBXProject "iFMRadio" */;
			compatibilityVersion = "Xcode 14.0";
			developmentRegion = en;
			hasScannedForEncodings = 0;
			knownRegions = (
				en,
				Base,
			);
			mainGroup = E5F8C7C22B93AF8400516FC8;
			packageReferences = (
				E50EF8472B93C1E300B23E4C /* XCRemoteSwiftPackageReference "AudioStreaming" */,
			);
			productRefGroup = E5F8C7CC2B93AF8400516FC8 /* Products */;
			projectDirPath = "";
			projectRoot = "";
			targets = (
				E5F8C7CA2B93AF8400516FC8 /* iFMRadio */,
			);
		};
/* End PBXProject section */

/* Begin PBXResourcesBuildPhase section */
		E5F8C7C92B93AF8400516FC8 /* Resources */ = {
			isa = PBXResourcesBuildPhase;
			buildActionMask = 2147483647;
			files = (
				E5F8C7D62B93AF8700516FC8 /* Preview Assets.xcassets in Resources */,
				E57168A92B9DD6D500E92B9C /* LaunchScreen.storyboard in Resources */,
				E5F8C7D32B93AF8700516FC8 /* Assets.xcassets in Resources */,
				E50EF8522B951CC700B23E4C /* radioList.json in Resources */,
			);
			runOnlyForDeploymentPostprocessing = 0;
		};
/* End PBXResourcesBuildPhase section */

/* Begin PBXSourcesBuildPhase section */
		E5F8C7C72B93AF8400516FC8 /* Sources */ = {
			isa = PBXSourcesBuildPhase;
			buildActionMask = 2147483647;
			files = (
				E50EF84E2B94AF7400B23E4C /* MusicPlayerView.swift in Sources */,
				E57168A72B9D144D00E92B9C /* TagRadioListView.swift in Sources */,
				E5F8C7D12B93AF8500516FC8 /* RadioSearchView.swift in Sources */,
				E5F8C7CF2B93AF8500516FC8 /* iFMRadioApp.swift in Sources */,
				E5F8C7DF2B93B38B00516FC8 /* RadioListViewModel.swift in Sources */,
				E50EF8502B94CA5900B23E4C /* TimerSheetView.swift in Sources */,
				D10ED0DD2B9DEB29003F502F /* ExploreView.swift in Sources */,
				E5F8C7E22B93B65B00516FC8 /* RadioListModel.swift in Sources */,
			);
			runOnlyForDeploymentPostprocessing = 0;
		};
/* End PBXSourcesBuildPhase section */

/* Begin XCBuildConfiguration section */
		E5F8C7D72B93AF8700516FC8 /* Debug */ = {
			isa = XCBuildConfiguration;
			buildSettings = {
				ALWAYS_SEARCH_USER_PATHS = NO;
				ASSETCATALOG_COMPILER_GENERATE_SWIFT_ASSET_SYMBOL_EXTENSIONS = YES;
				CLANG_ANALYZER_NONNULL = YES;
				CLANG_ANALYZER_NUMBER_OBJECT_CONVERSION = YES_AGGRESSIVE;
				CLANG_CXX_LANGUAGE_STANDARD = "gnu++20";
				CLANG_ENABLE_MODULES = YES;
				CLANG_ENABLE_OBJC_ARC = YES;
				CLANG_ENABLE_OBJC_WEAK = YES;
				CLANG_WARN_BLOCK_CAPTURE_AUTORELEASING = YES;
				CLANG_WARN_BOOL_CONVERSION = YES;
				CLANG_WARN_COMMA = YES;
				CLANG_WARN_CONSTANT_CONVERSION = YES;
				CLANG_WARN_DEPRECATED_OBJC_IMPLEMENTATIONS = YES;
				CLANG_WARN_DIRECT_OBJC_ISA_USAGE = YES_ERROR;
				CLANG_WARN_DOCUMENTATION_COMMENTS = YES;
				CLANG_WARN_EMPTY_BODY = YES;
				CLANG_WARN_ENUM_CONVERSION = YES;
				CLANG_WARN_INFINITE_RECURSION = YES;
				CLANG_WARN_INT_CONVERSION = YES;
				CLANG_WARN_NON_LITERAL_NULL_CONVERSION = YES;
				CLANG_WARN_OBJC_IMPLICIT_RETAIN_SELF = YES;
				CLANG_WARN_OBJC_LITERAL_CONVERSION = YES;
				CLANG_WARN_OBJC_ROOT_CLASS = YES_ERROR;
				CLANG_WARN_QUOTED_INCLUDE_IN_FRAMEWORK_HEADER = YES;
				CLANG_WARN_RANGE_LOOP_ANALYSIS = YES;
				CLANG_WARN_STRICT_PROTOTYPES = YES;
				CLANG_WARN_SUSPICIOUS_MOVE = YES;
				CLANG_WARN_UNGUARDED_AVAILABILITY = YES_AGGRESSIVE;
				CLANG_WARN_UNREACHABLE_CODE = YES;
				CLANG_WARN__DUPLICATE_METHOD_MATCH = YES;
				COPY_PHASE_STRIP = NO;
				DEBUG_INFORMATION_FORMAT = dwarf;
				ENABLE_STRICT_OBJC_MSGSEND = YES;
				ENABLE_TESTABILITY = YES;
				ENABLE_USER_SCRIPT_SANDBOXING = YES;
				GCC_C_LANGUAGE_STANDARD = gnu17;
				GCC_DYNAMIC_NO_PIC = NO;
				GCC_NO_COMMON_BLOCKS = YES;
				GCC_OPTIMIZATION_LEVEL = 0;
				GCC_PREPROCESSOR_DEFINITIONS = (
					"DEBUG=1",
					"$(inherited)",
				);
				GCC_WARN_64_TO_32_BIT_CONVERSION = YES;
				GCC_WARN_ABOUT_RETURN_TYPE = YES_ERROR;
				GCC_WARN_UNDECLARED_SELECTOR = YES;
				GCC_WARN_UNINITIALIZED_AUTOS = YES_AGGRESSIVE;
				GCC_WARN_UNUSED_FUNCTION = YES;
				GCC_WARN_UNUSED_VARIABLE = YES;
				IPHONEOS_DEPLOYMENT_TARGET = 17.2;
				LOCALIZATION_PREFERS_STRING_CATALOGS = YES;
				MTL_ENABLE_DEBUG_INFO = INCLUDE_SOURCE;
				MTL_FAST_MATH = YES;
				ONLY_ACTIVE_ARCH = YES;
				SDKROOT = iphoneos;
				SWIFT_ACTIVE_COMPILATION_CONDITIONS = "DEBUG $(inherited)";
				SWIFT_OPTIMIZATION_LEVEL = "-Onone";
			};
			name = Debug;
		};
		E5F8C7D82B93AF8700516FC8 /* Release */ = {
			isa = XCBuildConfiguration;
			buildSettings = {
				ALWAYS_SEARCH_USER_PATHS = NO;
				ASSETCATALOG_COMPILER_GENERATE_SWIFT_ASSET_SYMBOL_EXTENSIONS = YES;
				CLANG_ANALYZER_NONNULL = YES;
				CLANG_ANALYZER_NUMBER_OBJECT_CONVERSION = YES_AGGRESSIVE;
				CLANG_CXX_LANGUAGE_STANDARD = "gnu++20";
				CLANG_ENABLE_MODULES = YES;
				CLANG_ENABLE_OBJC_ARC = YES;
				CLANG_ENABLE_OBJC_WEAK = YES;
				CLANG_WARN_BLOCK_CAPTURE_AUTORELEASING = YES;
				CLANG_WARN_BOOL_CONVERSION = YES;
				CLANG_WARN_COMMA = YES;
				CLANG_WARN_CONSTANT_CONVERSION = YES;
				CLANG_WARN_DEPRECATED_OBJC_IMPLEMENTATIONS = YES;
				CLANG_WARN_DIRECT_OBJC_ISA_USAGE = YES_ERROR;
				CLANG_WARN_DOCUMENTATION_COMMENTS = YES;
				CLANG_WARN_EMPTY_BODY = YES;
				CLANG_WARN_ENUM_CONVERSION = YES;
				CLANG_WARN_INFINITE_RECURSION = YES;
				CLANG_WARN_INT_CONVERSION = YES;
				CLANG_WARN_NON_LITERAL_NULL_CONVERSION = YES;
				CLANG_WARN_OBJC_IMPLICIT_RETAIN_SELF = YES;
				CLANG_WARN_OBJC_LITERAL_CONVERSION = YES;
				CLANG_WARN_OBJC_ROOT_CLASS = YES_ERROR;
				CLANG_WARN_QUOTED_INCLUDE_IN_FRAMEWORK_HEADER = YES;
				CLANG_WARN_RANGE_LOOP_ANALYSIS = YES;
				CLANG_WARN_STRICT_PROTOTYPES = YES;
				CLANG_WARN_SUSPICIOUS_MOVE = YES;
				CLANG_WARN_UNGUARDED_AVAILABILITY = YES_AGGRESSIVE;
				CLANG_WARN_UNREACHABLE_CODE = YES;
				CLANG_WARN__DUPLICATE_METHOD_MATCH = YES;
				COPY_PHASE_STRIP = NO;
				DEBUG_INFORMATION_FORMAT = "dwarf-with-dsym";
				ENABLE_NS_ASSERTIONS = NO;
				ENABLE_STRICT_OBJC_MSGSEND = YES;
				ENABLE_USER_SCRIPT_SANDBOXING = YES;
				GCC_C_LANGUAGE_STANDARD = gnu17;
				GCC_NO_COMMON_BLOCKS = YES;
				GCC_WARN_64_TO_32_BIT_CONVERSION = YES;
				GCC_WARN_ABOUT_RETURN_TYPE = YES_ERROR;
				GCC_WARN_UNDECLARED_SELECTOR = YES;
				GCC_WARN_UNINITIALIZED_AUTOS = YES_AGGRESSIVE;
				GCC_WARN_UNUSED_FUNCTION = YES;
				GCC_WARN_UNUSED_VARIABLE = YES;
				IPHONEOS_DEPLOYMENT_TARGET = 17.2;
				LOCALIZATION_PREFERS_STRING_CATALOGS = YES;
				MTL_ENABLE_DEBUG_INFO = NO;
				MTL_FAST_MATH = YES;
				SDKROOT = iphoneos;
				SWIFT_COMPILATION_MODE = wholemodule;
				VALIDATE_PRODUCT = YES;
			};
			name = Release;
		};
		E5F8C7DA2B93AF8700516FC8 /* Debug */ = {
			isa = XCBuildConfiguration;
			buildSettings = {
				ASSETCATALOG_COMPILER_APPICON_NAME = AppIcon;
				ASSETCATALOG_COMPILER_GLOBAL_ACCENT_COLOR_NAME = AccentColor;
				CODE_SIGN_STYLE = Automatic;
				CURRENT_PROJECT_VERSION = 1;
				DEVELOPMENT_ASSET_PATHS = "\"iFMRadio/Preview Content\"";
				DEVELOPMENT_TEAM = Z36TPB82KU;
				ENABLE_PREVIEWS = YES;
				GENERATE_INFOPLIST_FILE = YES;
				INFOPLIST_FILE = iFMRadio/Info.plist;
				INFOPLIST_KEY_LSApplicationCategoryType = "public.app-category.music";
				INFOPLIST_KEY_UIApplicationSceneManifest_Generation = YES;
				INFOPLIST_KEY_UIApplicationSupportsIndirectInputEvents = YES;
				INFOPLIST_KEY_UILaunchScreen_Generation = YES;
				INFOPLIST_KEY_UILaunchStoryboardName = LaunchScreen.storyboard;
				INFOPLIST_KEY_UISupportedInterfaceOrientations_iPad = "UIInterfaceOrientationPortrait UIInterfaceOrientationPortraitUpsideDown UIInterfaceOrientationLandscapeLeft UIInterfaceOrientationLandscapeRight";
				INFOPLIST_KEY_UISupportedInterfaceOrientations_iPhone = "UIInterfaceOrientationPortrait UIInterfaceOrientationLandscapeLeft UIInterfaceOrientationLandscapeRight";
				LD_RUNPATH_SEARCH_PATHS = (
					"$(inherited)",
					"@executable_path/Frameworks",
				);
				MARKETING_VERSION = 1.3;
				PRODUCT_BUNDLE_IDENTIFIER = ikerpereadev.iFMRadio;
				PRODUCT_NAME = "$(TARGET_NAME)";
				SWIFT_EMIT_LOC_STRINGS = YES;
				SWIFT_VERSION = 5.0;
				TARGETED_DEVICE_FAMILY = "1,2";
			};
			name = Debug;
		};
		E5F8C7DB2B93AF8700516FC8 /* Release */ = {
			isa = XCBuildConfiguration;
			buildSettings = {
				ASSETCATALOG_COMPILER_APPICON_NAME = AppIcon;
				ASSETCATALOG_COMPILER_GLOBAL_ACCENT_COLOR_NAME = AccentColor;
				CODE_SIGN_STYLE = Automatic;
				CURRENT_PROJECT_VERSION = 1;
				DEVELOPMENT_ASSET_PATHS = "\"iFMRadio/Preview Content\"";
				DEVELOPMENT_TEAM = Z36TPB82KU;
				ENABLE_PREVIEWS = YES;
				GENERATE_INFOPLIST_FILE = YES;
				INFOPLIST_FILE = iFMRadio/Info.plist;
				INFOPLIST_KEY_LSApplicationCategoryType = "public.app-category.music";
				INFOPLIST_KEY_UIApplicationSceneManifest_Generation = YES;
				INFOPLIST_KEY_UIApplicationSupportsIndirectInputEvents = YES;
				INFOPLIST_KEY_UILaunchScreen_Generation = YES;
				INFOPLIST_KEY_UILaunchStoryboardName = LaunchScreen.storyboard;
				INFOPLIST_KEY_UISupportedInterfaceOrientations_iPad = "UIInterfaceOrientationPortrait UIInterfaceOrientationPortraitUpsideDown UIInterfaceOrientationLandscapeLeft UIInterfaceOrientationLandscapeRight";
				INFOPLIST_KEY_UISupportedInterfaceOrientations_iPhone = "UIInterfaceOrientationPortrait UIInterfaceOrientationLandscapeLeft UIInterfaceOrientationLandscapeRight";
				LD_RUNPATH_SEARCH_PATHS = (
					"$(inherited)",
					"@executable_path/Frameworks",
				);
				MARKETING_VERSION = 1.3;
				PRODUCT_BUNDLE_IDENTIFIER = ikerpereadev.iFMRadio;
				PRODUCT_NAME = "$(TARGET_NAME)";
				SWIFT_EMIT_LOC_STRINGS = YES;
				SWIFT_VERSION = 5.0;
				TARGETED_DEVICE_FAMILY = "1,2";
			};
			name = Release;
		};
/* End XCBuildConfiguration section */

/* Begin XCConfigurationList section */
		E5F8C7C62B93AF8400516FC8 /* Build configuration list for PBXProject "iFMRadio" */ = {
			isa = XCConfigurationList;
			buildConfigurations = (
				E5F8C7D72B93AF8700516FC8 /* Debug */,
				E5F8C7D82B93AF8700516FC8 /* Release */,
			);
			defaultConfigurationIsVisible = 0;
			defaultConfigurationName = Release;
		};
		E5F8C7D92B93AF8700516FC8 /* Build configuration list for PBXNativeTarget "iFMRadio" */ = {
			isa = XCConfigurationList;
			buildConfigurations = (
				E5F8C7DA2B93AF8700516FC8 /* Debug */,
				E5F8C7DB2B93AF8700516FC8 /* Release */,
			);
			defaultConfigurationIsVisible = 0;
			defaultConfigurationName = Release;
		};
/* End XCConfigurationList section */

/* Begin XCRemoteSwiftPackageReference section */
		E50EF8472B93C1E300B23E4C /* XCRemoteSwiftPackageReference "AudioStreaming" */ = {
			isa = XCRemoteSwiftPackageReference;
			repositoryURL = "https://github.com/dimitris-c/AudioStreaming";
			requirement = {
				kind = upToNextMajorVersion;
				minimumVersion = 1.0.0;
			};
		};
/* End XCRemoteSwiftPackageReference section */

/* Begin XCSwiftPackageProductDependency section */
		E50EF8482B93C1E300B23E4C /* AudioStreaming */ = {
			isa = XCSwiftPackageProductDependency;
			package = E50EF8472B93C1E300B23E4C /* XCRemoteSwiftPackageReference "AudioStreaming" */;
			productName = AudioStreaming;
		};
/* End XCSwiftPackageProductDependency section */
	};
	rootObject = E5F8C7C32B93AF8400516FC8 /* Project object */;
}
